
Microsoft Visual Studio Solution File, Format Version 12.00
# Visual Studio Version 17
VisualStudioVersion = 17.14.36623.8 d17.14
MinimumVisualStudioVersion = 10.0.40219.1
Project("{FAE04EC0-301F-11D3-BF4B-00C04F79EFBC}") = "Projeto22025", "Projeto22025.csproj", "{9B25B971-58D1-4D54-A46B-C945043F797D}"
EndProject
Global
	GlobalSection(SolutionConfigurationPlatforms) = preSolution
		Debug|Any CPU = Debug|Any CPU
		Release|Any CPU = Release|Any CPU
	EndGlobalSection
	GlobalSection(ProjectConfigurationPlatforms) = postSolution
		{9B25B971-58D1-4D54-A46B-C945043F797D}.Debug|Any CPU.ActiveCfg = Debug|Any CPU
		{9B25B971-58D1-4D54-A46B-C945043F797D}.Debug|Any CPU.Build.0 = Debug|Any CPU
		{9B25B971-58D1-4D54-A46B-C945043F797D}.Release|Any CPU.ActiveCfg = Release|Any CPU
		{9B25B971-58D1-4D54-A46B-C945043F797D}.Release|Any CPU.Build.0 = Release|Any CPU
	EndGlobalSection
	GlobalSection(SolutionProperties) = preSolution
		HideSolutionNode = FALSE
	EndGlobalSection
	GlobalSection(ExtensibilityGlobals) = postSolution
		SolutionGuid = {E3E5CF08-B710-477A-B8B2-8ED1120CE257}
	EndGlobalSection
EndGlobal
